
Microsoft Visual Studio Solution File, Format Version 12.00
# Visual Studio 15
Project("{FAE04EC0-301F-11D3-BF4B-00C04F79EFBC}") = "Boxophobic.Utils.Editor", "Boxophobic.Utils.Editor.csproj", "{45FB6670-73B7-276D-2C54-807C679EA004}"
EndProject
Project("{FAE04EC0-301F-11D3-BF4B-00C04F79EFBC}") = "Assembly-CSharp", "Assembly-CSharp.csproj", "{FF5EE047-9EE2-1106-45CC-06F8F8B76C0B}"
EndProject
Project("{FAE04EC0-301F-11D3-BF4B-00C04F79EFBC}") = "Boxophobic.Utils.Scripts", "Boxophobic.Utils.Scripts.csproj", "{5C1840EB-C5CC-6383-C337-E002BF870FC7}"
EndProject
Project("{FAE04EC0-301F-11D3-BF4B-00C04F79EFBC}") = "Boxophobic.SkyboxCubemapExtended.Editor", "Boxophobic.SkyboxCubemapExtended.Editor.csproj", "{E6280D17-9361-566E-325B-285B5076FF55}"
EndProject
Global
	GlobalSection(SolutionConfigurationPlatforms) = preSolution
		Debug|Any CPU = Debug|Any CPU
		Release|Any CPU = Release|Any CPU
	EndGlobalSection
	GlobalSection(ProjectConfigurationPlatforms) = postSolution
		{45FB6670-73B7-276D-2C54-807C679EA004}.Debug|Any CPU.ActiveCfg = Debug|Any CPU
		{45FB6670-73B7-276D-2C54-807C679EA004}.Debug|Any CPU.Build.0 = Debug|Any CPU
		{45FB6670-73B7-276D-2C54-807C679EA004}.Release|Any CPU.ActiveCfg = Release|Any CPU
		{45FB6670-73B7-276D-2C54-807C679EA004}.Release|Any CPU.Build.0 = Release|Any CPU
		{FF5EE047-9EE2-1106-45CC-06F8F8B76C0B}.Debug|Any CPU.ActiveCfg = Debug|Any CPU
		{FF5EE047-9EE2-1106-45CC-06F8F8B76C0B}.Debug|Any CPU.Build.0 = Debug|Any CPU
		{FF5EE047-9EE2-1106-45CC-06F8F8B76C0B}.Release|Any CPU.ActiveCfg = Release|Any CPU
		{FF5EE047-9EE2-1106-45CC-06F8F8B76C0B}.Release|Any CPU.Build.0 = Release|Any CPU
		{5C1840EB-C5CC-6383-C337-E002BF870FC7}.Debug|Any CPU.ActiveCfg = Debug|Any CPU
		{5C1840EB-C5CC-6383-C337-E002BF870FC7}.Debug|Any CPU.Build.0 = Debug|Any CPU
		{5C1840EB-C5CC-6383-C337-E002BF870FC7}.Release|Any CPU.ActiveCfg = Release|Any CPU
		{5C1840EB-C5CC-6383-C337-E002BF870FC7}.Release|Any CPU.Build.0 = Release|Any CPU
		{E6280D17-9361-566E-325B-285B5076FF55}.Debug|Any CPU.ActiveCfg = Debug|Any CPU
		{E6280D17-9361-566E-325B-285B5076FF55}.Debug|Any CPU.Build.0 = Debug|Any CPU
		{E6280D17-9361-566E-325B-285B5076FF55}.Release|Any CPU.ActiveCfg = Release|Any CPU
		{E6280D17-9361-566E-325B-285B5076FF55}.Release|Any CPU.Build.0 = Release|Any CPU
	EndGlobalSection
	GlobalSection(SolutionProperties) = preSolution
		HideSolutionNode = FALSE
	EndGlobalSection
EndGlobal
